
Microsoft Visual Studio Solution File, Format Version 12.00
# Visual Studio Version 16
VisualStudioVersion = 16.0.31112.23
MinimumVisualStudioVersion = 10.0.40219.1
Project("{FAE04EC0-301F-11D3-BF4B-00C04F79EFBC}") = "Forms", "Forms.csproj", "{D0DAB010-EB8D-4036-BC70-A73837DBF6D1}"
EndProject
Global
	GlobalSection(SolutionConfigurationPlatforms) = preSolution
		Debug|Any CPU = Debug|Any CPU
		Release|Any CPU = Release|Any CPU
	EndGlobalSection
	GlobalSection(ProjectConfigurationPlatforms) = postSolution
		{D0DAB010-EB8D-4036-BC70-A73837DBF6D1}.Debug|Any CPU.ActiveCfg = Debug|Any CPU
		{D0DAB010-EB8D-4036-BC70-A73837DBF6D1}.Debug|Any CPU.Build.0 = Debug|Any CPU
		{D0DAB010-EB8D-4036-BC70-A73837DBF6D1}.Release|Any CPU.ActiveCfg = Release|Any CPU
		{D0DAB010-EB8D-4036-BC70-A73837DBF6D1}.Release|Any CPU.Build.0 = Release|Any CPU
	EndGlobalSection
	GlobalSection(SolutionProperties) = preSolution
		HideSolutionNode = FALSE
	EndGlobalSection
	GlobalSection(ExtensibilityGlobals) = postSolution
		SolutionGuid = {E5022083-7BC9-4329-9FD8-B3262C4FAF99}
	EndGlobalSection
EndGlobal
