
Microsoft Visual Studio Solution File, Format Version 12.00
# Visual Studio Version 16
VisualStudioVersion = 16.0.31205.134
MinimumVisualStudioVersion = 10.0.40219.1
Project("{FAE04EC0-301F-11D3-BF4B-00C04F79EFBC}") = "Ejercicio 1", "Ejercicio 1\Ejercicio 1.csproj", "{3415386C-D30A-44EF-8F59-546C7AA67506}"
EndProject
Global
	GlobalSection(SolutionConfigurationPlatforms) = preSolution
		Debug|Any CPU = Debug|Any CPU
		Release|Any CPU = Release|Any CPU
	EndGlobalSection
	GlobalSection(ProjectConfigurationPlatforms) = postSolution
		{3415386C-D30A-44EF-8F59-546C7AA67506}.Debug|Any CPU.ActiveCfg = Debug|Any CPU
		{3415386C-D30A-44EF-8F59-546C7AA67506}.Debug|Any CPU.Build.0 = Debug|Any CPU
		{3415386C-D30A-44EF-8F59-546C7AA67506}.Release|Any CPU.ActiveCfg = Release|Any CPU
		{3415386C-D30A-44EF-8F59-546C7AA67506}.Release|Any CPU.Build.0 = Release|Any CPU
	EndGlobalSection
	GlobalSection(SolutionProperties) = preSolution
		HideSolutionNode = FALSE
	EndGlobalSection
	GlobalSection(ExtensibilityGlobals) = postSolution
		SolutionGuid = {E9C8789F-07B3-4602-A085-76D89AFA81C3}
	EndGlobalSection
EndGlobal
