
Microsoft Visual Studio Solution File, Format Version 12.00
# Visual Studio Version 16
VisualStudioVersion = 16.0.31205.134
MinimumVisualStudioVersion = 10.0.40219.1
Project("{FAE04EC0-301F-11D3-BF4B-00C04F79EFBC}") = "Ejercicio 4", "Ejercicio 4\Ejercicio 4.csproj", "{7BEDFB12-71F6-4DA5-910B-A0BDF2C5CD12}"
EndProject
Global
	GlobalSection(SolutionConfigurationPlatforms) = preSolution
		Debug|Any CPU = Debug|Any CPU
		Release|Any CPU = Release|Any CPU
	EndGlobalSection
	GlobalSection(ProjectConfigurationPlatforms) = postSolution
		{7BEDFB12-71F6-4DA5-910B-A0BDF2C5CD12}.Debug|Any CPU.ActiveCfg = Debug|Any CPU
		{7BEDFB12-71F6-4DA5-910B-A0BDF2C5CD12}.Debug|Any CPU.Build.0 = Debug|Any CPU
		{7BEDFB12-71F6-4DA5-910B-A0BDF2C5CD12}.Release|Any CPU.ActiveCfg = Release|Any CPU
		{7BEDFB12-71F6-4DA5-910B-A0BDF2C5CD12}.Release|Any CPU.Build.0 = Release|Any CPU
	EndGlobalSection
	GlobalSection(SolutionProperties) = preSolution
		HideSolutionNode = FALSE
	EndGlobalSection
	GlobalSection(ExtensibilityGlobals) = postSolution
		SolutionGuid = {1B1C9B49-2637-497D-ADB4-E5FEAC7682ED}
	EndGlobalSection
EndGlobal
